{
    "hash": "d85df42e276be5458e0c447d7a4466d6",
    "packages": [
        {
            "package": "jms/metadata",
            "version": "dev-master",
            "alias-pretty-version": "1.2.x-dev",
            "alias-version": "1.2.9999999.9999999-dev"
        },
        {
            "package": "jms/metadata",
            "version": "dev-master",
            "source-reference": "dbfbb15b3ffdf96c5ff14e5cd4451d78a7083a36",
            "commit-date": "1339680164"
        },
        {
            "package": "jms/serializer-bundle",
            "version": "dev-master",
            "source-reference": "6df19222b597ab6f44c67dde4499766a5ca1fb99",
            "commit-date": "1341570103"
        },
        {
            "package": "pimple/pimple",
            "version": "dev-master",
            "alias-pretty-version": "1.0.x-dev",
            "alias-version": "1.0.9999999.9999999-dev"
        },
        {
            "package": "pimple/pimple",
            "version": "dev-master",
            "source-reference": "d2cfa2f02f50abef65c238747c753a5f6786f6be",
            "commit-date": "1341139100"
        },
        {
            "package": "silex/silex",
            "version": "dev-master",
            "source-reference": "4679d476aee0a5981b13d4ac899a8ef72b8b060c",
            "commit-date": "1341899486"
        },
        {
            "package": "symfony/event-dispatcher",
            "version": "dev-master",
            "alias-pretty-version": "2.1.x-dev",
            "alias-version": "2.1.9999999.9999999-dev"
        },
        {
            "package": "symfony/event-dispatcher",
            "version": "dev-master",
            "source-reference": "0dc437f2eca7dea19facfde6db7f7f5e8e71d0bc",
            "commit-date": "1341838460"
        },
        {
            "package": "symfony/http-foundation",
            "version": "dev-master",
            "alias-pretty-version": "2.1.x-dev",
            "alias-version": "2.1.9999999.9999999-dev"
        },
        {
            "package": "symfony/http-foundation",
            "version": "dev-master",
            "source-reference": "985f3aa6c9f8074b2d1a12345e0768f8c24aa72d",
            "commit-date": "1341838460"
        },
        {
            "package": "symfony/http-kernel",
            "version": "dev-master",
            "alias-pretty-version": "2.1.x-dev",
            "alias-version": "2.1.9999999.9999999-dev"
        },
        {
            "package": "symfony/http-kernel",
            "version": "dev-master",
            "source-reference": "ff65fbaa20ace7e39ce6df92afe97c5c9586a2d1",
            "commit-date": "1341849771"
        },
        {
            "package": "symfony/routing",
            "version": "dev-master",
            "alias-pretty-version": "2.1.x-dev",
            "alias-version": "2.1.9999999.9999999-dev"
        },
        {
            "package": "symfony/routing",
            "version": "dev-master",
            "source-reference": "67c72b042d753e6ee3675eb4b0c2165243d34055",
            "commit-date": "1341890620"
        }
    ],
    "packages-dev": [
        {
            "package": "doctrine/common",
            "version": "dev-master",
            "alias-pretty-version": "2.3.x-dev",
            "alias-version": "2.3.9999999.9999999-dev"
        },
        {
            "package": "doctrine/common",
            "version": "dev-master",
            "source-reference": "b3afbb80506d909743475c5b0904285ab0c07941",
            "commit-date": "1341670930"
        }
    ],
    "aliases": [

    ],
    "minimum-stability": "dev",
    "stability-flags": {
        "silex/silex": 20
    }
}
